{
  "name": "link-terbaru-situs-slot-deposit-pulsa-5000-tanpa-potongan-2022",
  "version": "5.6.0",
  "lockfileVersion": 2,
  "requires": true,
  "packages": {
    "": {
      "name": "link-terbaru-situs-slot-deposit-pulsa-5000-tanpa-potongan-2022",
      "version": "1.2.1",
      "license": "MIT",
      "engines": {
        "atom": ">=1.0.0 <2.0.0"
      }
    }
  }
}
